
Microsoft Visual Studio Solution File, Format Version 12.00
# Visual Studio Version 16
VisualStudioVersion = 16.0.29418.71
MinimumVisualStudioVersion = 10.0.40219.1
Project("{FAE04EC0-301F-11D3-BF4B-00C04F79EFBC}") = "ThreadDemo", "ThreadDemo\ThreadDemo.csproj", "{A6D8E311-8EDE-4CD6-B83C-5DAC2DBC8308}"
EndProject
Project("{FAE04EC0-301F-11D3-BF4B-00C04F79EFBC}") = "StServer", "StServer\StServer.csproj", "{8C0BC714-15EC-4041-880A-805C412308BF}"
EndProject
Project("{FAE04EC0-301F-11D3-BF4B-00C04F79EFBC}") = "StClient", "StClient\StClient.csproj", "{6986853F-8C5D-46F7-9F3B-FF9760229A10}"
EndProject
Global
	GlobalSection(SolutionConfigurationPlatforms) = preSolution
		Debug|Any CPU = Debug|Any CPU
		Release|Any CPU = Release|Any CPU
	EndGlobalSection
	GlobalSection(ProjectConfigurationPlatforms) = postSolution
		{A6D8E311-8EDE-4CD6-B83C-5DAC2DBC8308}.Debug|Any CPU.ActiveCfg = Debug|Any CPU
		{A6D8E311-8EDE-4CD6-B83C-5DAC2DBC8308}.Debug|Any CPU.Build.0 = Debug|Any CPU
		{A6D8E311-8EDE-4CD6-B83C-5DAC2DBC8308}.Release|Any CPU.ActiveCfg = Release|Any CPU
		{A6D8E311-8EDE-4CD6-B83C-5DAC2DBC8308}.Release|Any CPU.Build.0 = Release|Any CPU
		{8C0BC714-15EC-4041-880A-805C412308BF}.Debug|Any CPU.ActiveCfg = Debug|Any CPU
		{8C0BC714-15EC-4041-880A-805C412308BF}.Debug|Any CPU.Build.0 = Debug|Any CPU
		{8C0BC714-15EC-4041-880A-805C412308BF}.Release|Any CPU.ActiveCfg = Release|Any CPU
		{8C0BC714-15EC-4041-880A-805C412308BF}.Release|Any CPU.Build.0 = Release|Any CPU
		{6986853F-8C5D-46F7-9F3B-FF9760229A10}.Debug|Any CPU.ActiveCfg = Debug|Any CPU
		{6986853F-8C5D-46F7-9F3B-FF9760229A10}.Debug|Any CPU.Build.0 = Debug|Any CPU
		{6986853F-8C5D-46F7-9F3B-FF9760229A10}.Release|Any CPU.ActiveCfg = Release|Any CPU
		{6986853F-8C5D-46F7-9F3B-FF9760229A10}.Release|Any CPU.Build.0 = Release|Any CPU
	EndGlobalSection
	GlobalSection(SolutionProperties) = preSolution
		HideSolutionNode = FALSE
	EndGlobalSection
	GlobalSection(ExtensibilityGlobals) = postSolution
		SolutionGuid = {A099C58F-5EB3-4775-B47D-384F8E9F250D}
	EndGlobalSection
EndGlobal
